<?xml version="1.0" encoding="utf-8"?>
<Project ToolsVersion="4.0" xmlns="http://schemas.microsoft.com/developer/msbuild/2003">
  <ItemGroup>
    <Filter Include="Source Files">
      <UniqueIdentifier>{4FC737F1-C7A5-4376-A066-2A32D752A2FF}</UniqueIdentifier>
      <Extensions>cpp;cxx;c;def</Extensions>
    </Filter>
    <Filter Include="Header Files">
      <UniqueIdentifier>{93995380-89BD-4b04-88EB-625FBE52EBFB}</UniqueIdentifier>
      <Extensions>h</Extensions>
    </Filter>
    <Filter Include="Form Files">
      <UniqueIdentifier>{99349809-55BA-4b9d-BF79-8FDBB0286EB3}</UniqueIdentifier>
      <Extensions>ui</Extensions>
    </Filter>
    <Filter Include="Resource Files">
      <UniqueIdentifier>{D9D6E242-F8AF-46E4-B9FD-80ECBC20BA3E}</UniqueIdentifier>
      <Extensions>qrc;*</Extensions>
      <ParseFiles>false</ParseFiles>
    </Filter>
    <Filter Include="Generated Files">
      <UniqueIdentifier>{71ED8ED8-ACB9-4CE9-BBE1-E00B30144E11}</UniqueIdentifier>
      <Extensions>moc;h;cpp</Extensions>
      <SourceControlFiles>False</SourceControlFiles>
    </Filter>
    <Filter Include="Generated Files\Debug">
      <UniqueIdentifier>{b62090bc-20c3-40ef-8fdc-8cd58e39c6f0}</UniqueIdentifier>
      <Extensions>cpp;moc</Extensions>
      <SourceControlFiles>False</SourceControlFiles>
    </Filter>
    <Filter Include="Generated Files\Release">
      <UniqueIdentifier>{8b0de4a3-dad1-4a45-98f5-57d65a586114}</UniqueIdentifier>
      <Extensions>cpp;moc</Extensions>
      <SourceControlFiles>False</SourceControlFiles>
    </Filter>
  </ItemGroup>
  <ItemGroup>
    <ClCompile Include="hdamainframe.cpp">
      <Filter>Source Files</Filter>
    </ClCompile>
    <ClCompile Include="GeneratedFiles\Debug\moc_hdamainframe.cpp">
      <Filter>Generated Files\Debug</Filter>
    </ClCompile>
    <ClCompile Include="GeneratedFiles\Release\moc_hdamainframe.cpp">
      <Filter>Generated Files\Release</Filter>
    </ClCompile>
    <ClCompile Include="GeneratedFiles\qrc_hdamainframe.cpp">
      <Filter>Generated Files</Filter>
    </ClCompile>
    <ClCompile Include="thumbnailsmodel.cpp">
      <Filter>Source Files</Filter>
    </ClCompile>
    <ClCompile Include="GeneratedFiles\Debug\moc_thumbnailsmodel.cpp">
      <Filter>Generated Files\Debug</Filter>
    </ClCompile>
    <ClCompile Include="GeneratedFiles\Release\moc_thumbnailsmodel.cpp">
      <Filter>Generated Files\Release</Filter>
    </ClCompile>
    <ClCompile Include="manuscriptdoc.cpp">
      <Filter>Source Files</Filter>
    </ClCompile>
    <ClCompile Include="pagemdichild.cpp">
      <Filter>Source Files</Filter>
    </ClCompile>
    <ClCompile Include="GeneratedFiles\Debug\moc_pagemdichild.cpp">
      <Filter>Generated Files\Debug</Filter>
    </ClCompile>
    <ClCompile Include="GeneratedFiles\Release\moc_pagemdichild.cpp">
      <Filter>Generated Files\Release</Filter>
    </ClCompile>
    <ClCompile Include="projectdoc.cpp">
      <Filter>Source Files</Filter>
    </ClCompile>
    <ClCompile Include="tinyxml2.cpp">
      <Filter>Source Files</Filter>
    </ClCompile>
    <ClCompile Include="treeviewmodel.cpp">
      <Filter>Source Files</Filter>
    </ClCompile>
    <ClCompile Include="GeneratedFiles\Debug\moc_treeviewmodel.cpp">
      <Filter>Generated Files\Debug</Filter>
    </ClCompile>
    <ClCompile Include="GeneratedFiles\Release\moc_treeviewmodel.cpp">
      <Filter>Generated Files\Release</Filter>
    </ClCompile>
    <ClCompile Include="xmlreader.cpp">
      <Filter>Source Files</Filter>
    </ClCompile>
    <ClCompile Include="GeneratedFiles\Debug\moc_xmlreader.cpp">
      <Filter>Generated Files\Debug</Filter>
    </ClCompile>
    <ClCompile Include="GeneratedFiles\Release\moc_xmlreader.cpp">
      <Filter>Generated Files\Release</Filter>
    </ClCompile>
    <ClCompile Include="PageDoc.cpp">
      <Filter>Source Files</Filter>
    </ClCompile>
    <ClCompile Include="treeitem.cpp">
      <Filter>Source Files</Filter>
    </ClCompile>
    <ClCompile Include="GeneratedFiles\Debug\moc_PageDoc.cpp">
      <Filter>Generated Files\Debug</Filter>
    </ClCompile>
    <ClCompile Include="GeneratedFiles\Release\moc_PageDoc.cpp">
      <Filter>Generated Files\Release</Filter>
    </ClCompile>
    <ClCompile Include="flowschedulerdialog.cpp">
      <Filter>Source Files</Filter>
    </ClCompile>
    <ClCompile Include="GeneratedFiles\Debug\moc_flowschedulerdialog.cpp">
      <Filter>Generated Files\Debug</Filter>
    </ClCompile>
    <ClCompile Include="GeneratedFiles\Release\moc_flowschedulerdialog.cpp">
      <Filter>Generated Files\Release</Filter>
    </ClCompile>
    <ClCompile Include="hdaprogressbar.cpp">
      <Filter>Source Files</Filter>
    </ClCompile>
    <ClCompile Include="GeneratedFiles\Debug\moc_hdaprogressbar.cpp">
      <Filter>Generated Files\Debug</Filter>
    </ClCompile>
    <ClCompile Include="GeneratedFiles\Release\moc_hdaprogressbar.cpp">
      <Filter>Generated Files\Release</Filter>
    </ClCompile>
    <ClCompile Include="hdaoperationthread.cpp">
      <Filter>Source Files</Filter>
    </ClCompile>
    <ClCompile Include="GeneratedFiles\Debug\moc_hdaoperationthread.cpp">
      <Filter>Generated Files\Debug</Filter>
    </ClCompile>
    <ClCompile Include="GeneratedFiles\Release\moc_hdaoperationthread.cpp">
      <Filter>Generated Files\Release</Filter>
    </ClCompile>
    <ClCompile Include="flowOperationsModel.cpp">
      <Filter>Source Files</Filter>
    </ClCompile>
    <ClCompile Include="GeneratedFiles\Debug\moc_flowOperationsModel.cpp">
      <Filter>Generated Files\Debug</Filter>
    </ClCompile>
    <ClCompile Include="GeneratedFiles\Release\moc_flowOperationsModel.cpp">
      <Filter>Generated Files\Release</Filter>
    </ClCompile>
    <ClCompile Include="hdaflowmanager.cpp">
      <Filter>Source Files</Filter>
    </ClCompile>
    <ClCompile Include="GeneratedFiles\Debug\moc_hdaflowmanager.cpp">
      <Filter>Generated Files\Debug</Filter>
    </ClCompile>
    <ClCompile Include="GeneratedFiles\Release\moc_hdaflowmanager.cpp">
      <Filter>Generated Files\Release</Filter>
    </ClCompile>
    <ClCompile Include="xmlwriter.cpp">
      <Filter>Source Files</Filter>
    </ClCompile>
    <ClCompile Include="GeneratedFiles\Debug\moc_xmlwriter.cpp">
      <Filter>Generated Files\Debug</Filter>
    </ClCompile>
    <ClCompile Include="GeneratedFiles\Release\moc_xmlwriter.cpp">
      <Filter>Generated Files\Release</Filter>
    </ClCompile>
    <ClCompile Include="framedraw.cpp">
      <Filter>Source Files</Filter>
    </ClCompile>
    <ClCompile Include="mdiPageScene.cpp">
      <Filter>Source Files</Filter>
    </ClCompile>
    <ClCompile Include="GeneratedFiles\Debug\moc_framedraw.cpp">
      <Filter>Generated Files\Debug</Filter>
    </ClCompile>
    <ClCompile Include="GeneratedFiles\Release\moc_framedraw.cpp">
      <Filter>Generated Files\Release</Filter>
    </ClCompile>
    <ClCompile Include="manuscriptpropertiesdelegate.cpp">
      <Filter>Source Files</Filter>
    </ClCompile>
    <ClCompile Include="GeneratedFiles\Debug\moc_manuscriptpropertiesdelegate.cpp">
      <Filter>Generated Files\Debug</Filter>
    </ClCompile>
    <ClCompile Include="GeneratedFiles\Release\moc_manuscriptpropertiesdelegate.cpp">
      <Filter>Generated Files\Release</Filter>
    </ClCompile>
    <ClCompile Include="manuscriptpropertiesmodel.cpp">
      <Filter>Source Files</Filter>
    </ClCompile>
    <ClCompile Include="GeneratedFiles\Debug\moc_manuscriptpropertiesmodel.cpp">
      <Filter>Generated Files\Debug</Filter>
    </ClCompile>
    <ClCompile Include="GeneratedFiles\Release\moc_manuscriptpropertiesmodel.cpp">
      <Filter>Generated Files\Release</Filter>
    </ClCompile>
    <ClCompile Include="PolyFrame.cpp">
      <Filter>Source Files</Filter>
    </ClCompile>
    <ClCompile Include="GeneratedFiles\Debug\moc_PolyFrame.cpp">
      <Filter>Generated Files\Debug</Filter>
    </ClCompile>
    <ClCompile Include="GeneratedFiles\Release\moc_PolyFrame.cpp">
      <Filter>Generated Files\Release</Filter>
    </ClCompile>
    <ClCompile Include="RectFrame.cpp">
      <Filter>Source Files</Filter>
    </ClCompile>
    <ClCompile Include="GeneratedFiles\Debug\moc_RectFrame.cpp">
      <Filter>Generated Files\Debug</Filter>
    </ClCompile>
    <ClCompile Include="GeneratedFiles\Release\moc_RectFrame.cpp">
      <Filter>Generated Files\Release</Filter>
    </ClCompile>
    <ClCompile Include="hdadiffwindow.cpp">
      <Filter>Source Files</Filter>
    </ClCompile>
    <ClCompile Include="GeneratedFiles\Debug\moc_hdadiffwindow.cpp">
      <Filter>Generated Files\Debug</Filter>
    </ClCompile>
    <ClCompile Include="GeneratedFiles\Release\moc_hdadiffwindow.cpp">
      <Filter>Generated Files\Release</Filter>
    </ClCompile>
    <ClCompile Include="pagechooser.cpp">
      <Filter>Source Files</Filter>
    </ClCompile>
    <ClCompile Include="GeneratedFiles\Debug\moc_pagechooser.cpp">
      <Filter>Generated Files\Debug</Filter>
    </ClCompile>
    <ClCompile Include="GeneratedFiles\Release\moc_pagechooser.cpp">
      <Filter>Generated Files\Release</Filter>
    </ClCompile>
  </ItemGroup>
  <ItemGroup>
    <CustomBuild Include="hdamainframe.h">
      <Filter>Header Files</Filter>
    </CustomBuild>
    <CustomBuild Include="hdamainframe.ui">
      <Filter>Form Files</Filter>
    </CustomBuild>
    <CustomBuild Include="hdamainframe.qrc">
      <Filter>Resource Files</Filter>
    </CustomBuild>
    <CustomBuild Include="thumbnailsmodel.h">
      <Filter>Header Files</Filter>
    </CustomBuild>
    <CustomBuild Include="manuscriptdoc.h">
      <Filter>Header Files</Filter>
    </CustomBuild>
    <CustomBuild Include="pagemdichild.h">
      <Filter>Header Files</Filter>
    </CustomBuild>
    <CustomBuild Include="projectdoc.h">
      <Filter>Header Files</Filter>
    </CustomBuild>
    <CustomBuild Include="treeviewmodel.h">
      <Filter>Header Files</Filter>
    </CustomBuild>
    <CustomBuild Include="xmlreader.h">
      <Filter>Header Files</Filter>
    </CustomBuild>
    <CustomBuild Include="PageDoc.h">
      <Filter>Header Files</Filter>
    </CustomBuild>
    <CustomBuild Include="flowschedulerdialog.h">
      <Filter>Header Files</Filter>
    </CustomBuild>
    <CustomBuild Include="flowschedulerdialog.ui">
      <Filter>Form Files</Filter>
    </CustomBuild>
    <CustomBuild Include="hdaprogressbar.h">
      <Filter>Header Files</Filter>
    </CustomBuild>
    <CustomBuild Include="hdaprogressbar.ui">
      <Filter>Form Files</Filter>
    </CustomBuild>
    <CustomBuild Include="hdaoperationthread.h">
      <Filter>Header Files</Filter>
    </CustomBuild>
    <CustomBuild Include="flowOperationsModel.h">
      <Filter>Header Files</Filter>
    </CustomBuild>
    <CustomBuild Include="hdaflowmanager.h">
      <Filter>Header Files</Filter>
    </CustomBuild>
    <CustomBuild Include="xmlwriter.h">
      <Filter>Header Files</Filter>
    </CustomBuild>
    <CustomBuild Include="framedraw.h">
      <Filter>Header Files</Filter>
    </CustomBuild>
    <CustomBuild Include="manuscriptpropertiesdelegate.h">
      <Filter>Header Files</Filter>
    </CustomBuild>
    <CustomBuild Include="manuscriptpropertiesmodel.h">
      <Filter>Header Files</Filter>
    </CustomBuild>
    <CustomBuild Include="PolyFrame.h">
      <Filter>Header Files</Filter>
    </CustomBuild>
    <CustomBuild Include="RectFrame.h">
      <Filter>Header Files</Filter>
    </CustomBuild>
    <CustomBuild Include="hdadiffwindow.h">
      <Filter>Header Files</Filter>
    </CustomBuild>
    <CustomBuild Include="hdadiffwindow.ui">
      <Filter>Form Files</Filter>
    </CustomBuild>
    <CustomBuild Include="pagechooser.h">
      <Filter>Header Files</Filter>
    </CustomBuild>
    <CustomBuild Include="pagechooser.ui">
      <Filter>Form Files</Filter>
    </CustomBuild>
  </ItemGroup>
  <ItemGroup>
    <ClInclude Include="GeneratedFiles\ui_hdamainframe.h">
      <Filter>Generated Files</Filter>
    </ClInclude>
    <ClInclude Include="gui_global.h">
      <Filter>Header Files</Filter>
    </ClInclude>
    <ClInclude Include="tinyxml2.h">
      <Filter>Header Files</Filter>
    </ClInclude>
    <ClInclude Include="treeitem.h">
      <Filter>Header Files</Filter>
    </ClInclude>
    <ClInclude Include="GeneratedFiles\ui_flowschedulerdialog.h">
      <Filter>Generated Files</Filter>
    </ClInclude>
    <ClInclude Include="GeneratedFiles\ui_hdaprogressbar.h">
      <Filter>Generated Files</Filter>
    </ClInclude>
    <ClInclude Include="mdiPageScene.h">
      <Filter>Header Files</Filter>
    </ClInclude>
    <ClInclude Include="Defs.h">
      <Filter>Header Files</Filter>
    </ClInclude>
    <ClInclude Include="GeneratedFiles\ui_hdadiffwindow.h">
      <Filter>Generated Files</Filter>
    </ClInclude>
    <ClInclude Include="GeneratedFiles\ui_pagechooser.h">
      <Filter>Generated Files</Filter>
    </ClInclude>
  </ItemGroup>
</Project>